{
  "name": "pbc-audio-tools",
  "lockfileVersion": 3,
  "requires": true,
  "packages": {
    "": {
      "name": "pbc-audio-tools",
      "devDependencies": {
        "@breezystack/lamejs": "1.2.7"
      }
    },
    "node_modules/@breezystack/lamejs": {
      "version": "1.2.7",
      "resolved": "https://registry.npmjs.org/@breezystack/lamejs/-/lamejs-1.2.7.tgz",
      "integrity": "sha512-6wc7ck65ctA75Hq7FYHTtTvGnYs6msgdxiSUICQ+A01nVOWg6rqouZB8IdyteRlfpYYiFovkf67dIeOgWIUzTA==",
      "dev": true,
      "license": "LGPL-3.0"
    }
  }
}
